{
  "name": "environment",
  "version": "1.0.0",
  "lockfileVersion": 2,
  "requires": true,
  "packages": {
    "": {
      "name": "environment",
      "version": "1.0.0",
      "license": "ISC",
      "dependencies": {
        "@types/node": "^16.11.14"
      },
      "devDependencies": {}
    },
    "node_modules/@types/node": {
      "version": "16.11.14",
      "resolved": "https://registry.npmjs.org/@types/node/-/node-16.11.14.tgz",
      "integrity": "sha512-mK6BKLpL0bG6v2CxHbm0ed6RcZrAtTHBTd/ZpnlVPVa3HkumsqLE4BC4u6TQ8D7pnrRbOU0am6epuALs+Ncnzw=="
    }
  },
  "dependencies": {
    "@types/node": {
      "version": "16.11.14",
      "resolved": "https://registry.npmjs.org/@types/node/-/node-16.11.14.tgz",
      "integrity": "sha512-mK6BKLpL0bG6v2CxHbm0ed6RcZrAtTHBTd/ZpnlVPVa3HkumsqLE4BC4u6TQ8D7pnrRbOU0am6epuALs+Ncnzw=="
    }
  }
}
